// !$*UTF8*$!
{
	archiveVersion = 1;
	classes = {
	};
	objectVersion = 56;
	objects = {

/* Begin PBXBuildFile section */
		2F5FB4BB2A7C38B40091A2FF /* TddTestsApp.swift in Sources */ = {isa = PBXBuildFile; fileRef = 2F5FB4BA2A7C38B40091A2FF /* TddTestsApp.swift */; };
		2F5FB4BD2A7C38B40091A2FF /* ContentView.swift in Sources */ = {isa = PBXBuildFile; fileRef = 2F5FB4BC2A7C38B40091A2FF /* ContentView.swift */; };
		2F5FB4BF2A7C38B70091A2FF /* Assets.xcassets in Resources */ = {isa = PBXBuildFile; fileRef = 2F5FB4BE2A7C38B70091A2FF /* Assets.xcassets */; };
		2F5FB4C22A7C38B70091A2FF /* Preview Assets.xcassets in Resources */ = {isa = PBXBuildFile; fileRef = 2F5FB4C12A7C38B70091A2FF /* Preview Assets.xcassets */; };
		2F5FB4CC2A7C38B80091A2FF /* TddTestsTests.swift in Sources */ = {isa = PBXBuildFile; fileRef = 2F5FB4CB2A7C38B80091A2FF /* TddTestsTests.swift */; };
		2F5FB4D62A7C38B80091A2FF /* TddTestsUITests.swift in Sources */ = {isa = PBXBuildFile; fileRef = 2F5FB4D52A7C38B80091A2FF /* TddTestsUITests.swift */; };
		2F5FB4D82A7C38B80091A2FF /* TddTestsUITestsLaunchTests.swift in Sources */ = {isa = PBXBuildFile; fileRef = 2F5FB4D72A7C38B80091A2FF /* TddTestsUITestsLaunchTests.swift */; };
		2F5FB4E52A7C3AF80091A2FF /* SumCalculator.swift in Sources */ = {isa = PBXBuildFile; fileRef = 2F5FB4E42A7C3AF80091A2FF /* SumCalculator.swift */; };
		2F5FB4E62A7C3AF80091A2FF /* SumCalculator.swift in Sources */ = {isa = PBXBuildFile; fileRef = 2F5FB4E42A7C3AF80091A2FF /* SumCalculator.swift */; };
		2F5FB4E72A7C3AF80091A2FF /* SumCalculator.swift in Sources */ = {isa = PBXBuildFile; fileRef = 2F5FB4E42A7C3AF80091A2FF /* SumCalculator.swift */; };
/* End PBXBuildFile section */

/* Begin PBXContainerItemProxy section */
		2F5FB4C82A7C38B70091A2FF /* PBXContainerItemProxy */ = {
			isa = PBXContainerItemProxy;
			containerPortal = 2F5FB4AF2A7C38B40091A2FF /* Project object */;
			proxyType = 1;
			remoteGlobalIDString = 2F5FB4B62A7C38B40091A2FF;
			remoteInfo = TddTests;
		};
		2F5FB4D22A7C38B80091A2FF /* PBXContainerItemProxy */ = {
			isa = PBXContainerItemProxy;
			containerPortal = 2F5FB4AF2A7C38B40091A2FF /* Project object */;
			proxyType = 1;
			remoteGlobalIDString = 2F5FB4B62A7C38B40091A2FF;
			remoteInfo = TddTests;
		};
/* End PBXContainerItemProxy section */

/* Begin PBXFileReference section */
		2F5FB4B72A7C38B40091A2FF /* TddTests.app */ = {isa = PBXFileReference; explicitFileType = wrapper.application; includeInIndex = 0; path = TddTests.app; sourceTree = BUILT_PRODUCTS_DIR; };
		2F5FB4BA2A7C38B40091A2FF /* TddTestsApp.swift */ = {isa = PBXFileReference; lastKnownFileType = sourcecode.swift; path = TddTestsApp.swift; sourceTree = "<group>"; };
		2F5FB4BC2A7C38B40091A2FF /* ContentView.swift */ = {isa = PBXFileReference; lastKnownFileType = sourcecode.swift; path = ContentView.swift; sourceTree = "<group>"; };
		2F5FB4BE2A7C38B70091A2FF /* Assets.xcassets */ = {isa = PBXFileReference; lastKnownFileType = folder.assetcatalog; path = Assets.xcassets; sourceTree = "<group>"; };
		2F5FB4C12A7C38B70091A2FF /* Preview Assets.xcassets */ = {isa = PBXFileReference; lastKnownFileType = folder.assetcatalog; path = "Preview Assets.xcassets"; sourceTree = "<group>"; };
		2F5FB4C72A7C38B70091A2FF /* TddTestsTests.xctest */ = {isa = PBXFileReference; explicitFileType = wrapper.cfbundle; includeInIndex = 0; path = TddTestsTests.xctest; sourceTree = BUILT_PRODUCTS_DIR; };
		2F5FB4CB2A7C38B80091A2FF /* TddTestsTests.swift */ = {isa = PBXFileReference; lastKnownFileType = sourcecode.swift; path = TddTestsTests.swift; sourceTree = "<group>"; };
		2F5FB4D12A7C38B80091A2FF /* TddTestsUITests.xctest */ = {isa = PBXFileReference; explicitFileType = wrapper.cfbundle; includeInIndex = 0; path = TddTestsUITests.xctest; sourceTree = BUILT_PRODUCTS_DIR; };
		2F5FB4D52A7C38B80091A2FF /* TddTestsUITests.swift */ = {isa = PBXFileReference; lastKnownFileType = sourcecode.swift; path = TddTestsUITests.swift; sourceTree = "<group>"; };
		2F5FB4D72A7C38B80091A2FF /* TddTestsUITestsLaunchTests.swift */ = {isa = PBXFileReference; lastKnownFileType = sourcecode.swift; path = TddTestsUITestsLaunchTests.swift; sourceTree = "<group>"; };
		2F5FB4E42A7C3AF80091A2FF /* SumCalculator.swift */ = {isa = PBXFileReference; lastKnownFileType = sourcecode.swift; path = SumCalculator.swift; sourceTree = "<group>"; };
/* End PBXFileReference section */

/* Begin PBXFrameworksBuildPhase section */
		2F5FB4B42A7C38B40091A2FF /* Frameworks */ = {
			isa = PBXFrameworksBuildPhase;
			buildActionMask = 2147483647;
			files = (
			);
			runOnlyForDeploymentPostprocessing = 0;
		};
		2F5FB4C42A7C38B70091A2FF /* Frameworks */ = {
			isa = PBXFrameworksBuildPhase;
			buildActionMask = 2147483647;
			files = (
			);
			runOnlyForDeploymentPostprocessing = 0;
		};
		2F5FB4CE2A7C38B80091A2FF /* Frameworks */ = {
			isa = PBXFrameworksBuildPhase;
			buildActionMask = 2147483647;
			files = (
			);
			runOnlyForDeploymentPostprocessing = 0;
		};
/* End PBXFrameworksBuildPhase section */

/* Begin PBXGroup section */
		2F5FB4AE2A7C38B40091A2FF = {
			isa = PBXGroup;
			children = (
				2F5FB4B92A7C38B40091A2FF /* TddTests */,
				2F5FB4CA2A7C38B80091A2FF /* TddTestsTests */,
				2F5FB4D42A7C38B80091A2FF /* TddTestsUITests */,
				2F5FB4B82A7C38B40091A2FF /* Products */,
			);
			sourceTree = "<group>";
		};
		2F5FB4B82A7C38B40091A2FF /* Products */ = {
			isa = PBXGroup;
			children = (
				2F5FB4B72A7C38B40091A2FF /* TddTests.app */,
				2F5FB4C72A7C38B70091A2FF /* TddTestsTests.xctest */,
				2F5FB4D12A7C38B80091A2FF /* TddTestsUITests.xctest */,
			);
			name = Products;
			sourceTree = "<group>";
		};
		2F5FB4B92A7C38B40091A2FF /* TddTests */ = {
			isa = PBXGroup;
			children = (
				2F5FB4BA2A7C38B40091A2FF /* TddTestsApp.swift */,
				2F5FB4BC2A7C38B40091A2FF /* ContentView.swift */,
				2F5FB4E42A7C3AF80091A2FF /* SumCalculator.swift */,
				2F5FB4BE2A7C38B70091A2FF /* Assets.xcassets */,
				2F5FB4C02A7C38B70091A2FF /* Preview Content */,
			);
			path = TddTests;
			sourceTree = "<group>";
		};
		2F5FB4C02A7C38B70091A2FF /* Preview Content */ = {
			isa = PBXGroup;
			children = (
				2F5FB4C12A7C38B70091A2FF /* Preview Assets.xcassets */,
			);
			path = "Preview Content";
			sourceTree = "<group>";
		};
		2F5FB4CA2A7C38B80091A2FF /* TddTestsTests */ = {
			isa = PBXGroup;
			children = (
				2F5FB4CB2A7C38B80091A2FF /* TddTestsTests.swift */,
			);
			path = TddTestsTests;
			sourceTree = "<group>";
		};
		2F5FB4D42A7C38B80091A2FF /* TddTestsUITests */ = {
			isa = PBXGroup;
			children = (
				2F5FB4D52A7C38B80091A2FF /* TddTestsUITests.swift */,
				2F5FB4D72A7C38B80091A2FF /* TddTestsUITestsLaunchTests.swift */,
			);
			path = TddTestsUITests;
			sourceTree = "<group>";
		};
/* End PBXGroup section */

/* Begin PBXNativeTarget section */
		2F5FB4B62A7C38B40091A2FF /* TddTests */ = {
			isa = PBXNativeTarget;
			buildConfigurationList = 2F5FB4DB2A7C38B80091A2FF /* Build configuration list for PBXNativeTarget "TddTests" */;
			buildPhases = (
				2F5FB4B32A7C38B40091A2FF /* Sources */,
				2F5FB4B42A7C38B40091A2FF /* Frameworks */,
				2F5FB4B52A7C38B40091A2FF /* Resources */,
			);
			buildRules = (
			);
			dependencies = (
			);
			name = TddTests;
			productName = TddTests;
			productReference = 2F5FB4B72A7C38B40091A2FF /* TddTests.app */;
			productType = "com.apple.product-type.application";
		};
		2F5FB4C62A7C38B70091A2FF /* TddTestsTests */ = {
			isa = PBXNativeTarget;
			buildConfigurationList = 2F5FB4DE2A7C38B80091A2FF /* Build configuration list for PBXNativeTarget "TddTestsTests" */;
			buildPhases = (
				2F5FB4C32A7C38B70091A2FF /* Sources */,
				2F5FB4C42A7C38B70091A2FF /* Frameworks */,
				2F5FB4C52A7C38B70091A2FF /* Resources */,
			);
			buildRules = (
			);
			dependencies = (
				2F5FB4C92A7C38B70091A2FF /* PBXTargetDependency */,
			);
			name = TddTestsTests;
			productName = TddTestsTests;
			productReference = 2F5FB4C72A7C38B70091A2FF /* TddTestsTests.xctest */;
			productType = "com.apple.product-type.bundle.unit-test";
		};
		2F5FB4D02A7C38B80091A2FF /* TddTestsUITests */ = {
			isa = PBXNativeTarget;
			buildConfigurationList = 2F5FB4E12A7C38B80091A2FF /* Build configuration list for PBXNativeTarget "TddTestsUITests" */;
			buildPhases = (
				2F5FB4CD2A7C38B80091A2FF /* Sources */,
				2F5FB4CE2A7C38B80091A2FF /* Frameworks */,
				2F5FB4CF2A7C38B80091A2FF /* Resources */,
			);
			buildRules = (
			);
			dependencies = (
				2F5FB4D32A7C38B80091A2FF /* PBXTargetDependency */,
			);
			name = TddTestsUITests;
			productName = TddTestsUITests;
			productReference = 2F5FB4D12A7C38B80091A2FF /* TddTestsUITests.xctest */;
			productType = "com.apple.product-type.bundle.ui-testing";
		};
/* End PBXNativeTarget section */

/* Begin PBXProject section */
		2F5FB4AF2A7C38B40091A2FF /* Project object */ = {
			isa = PBXProject;
			attributes = {
				BuildIndependentTargetsInParallel = 1;
				LastSwiftUpdateCheck = 1430;
				LastUpgradeCheck = 1430;
				TargetAttributes = {
					2F5FB4B62A7C38B40091A2FF = {
						CreatedOnToolsVersion = 14.3.1;
					};
					2F5FB4C62A7C38B70091A2FF = {
						CreatedOnToolsVersion = 14.3.1;
						TestTargetID = 2F5FB4B62A7C38B40091A2FF;
					};
					2F5FB4D02A7C38B80091A2FF = {
						CreatedOnToolsVersion = 14.3.1;
						TestTargetID = 2F5FB4B62A7C38B40091A2FF;
					};
				};
			};
			buildConfigurationList = 2F5FB4B22A7C38B40091A2FF /* Build configuration list for PBXProject "TddTests" */;
			compatibilityVersion = "Xcode 14.0";
			developmentRegion = en;
			hasScannedForEncodings = 0;
			knownRegions = (
				en,
				Base,
			);
			mainGroup = 2F5FB4AE2A7C38B40091A2FF;
			productRefGroup = 2F5FB4B82A7C38B40091A2FF /* Products */;
			projectDirPath = "";
			projectRoot = "";
			targets = (
				2F5FB4B62A7C38B40091A2FF /* TddTests */,
				2F5FB4C62A7C38B70091A2FF /* TddTestsTests */,
				2F5FB4D02A7C38B80091A2FF /* TddTestsUITests */,
			);
		};
/* End PBXProject section */

/* Begin PBXResourcesBuildPhase section */
		2F5FB4B52A7C38B40091A2FF /* Resources */ = {
			isa = PBXResourcesBuildPhase;
			buildActionMask = 2147483647;
			files = (
				2F5FB4C22A7C38B70091A2FF /* Preview Assets.xcassets in Resources */,
				2F5FB4BF2A7C38B70091A2FF /* Assets.xcassets in Resources */,
			);
			runOnlyForDeploymentPostprocessing = 0;
		};
		2F5FB4C52A7C38B70091A2FF /* Resources */ = {
			isa = PBXResourcesBuildPhase;
			buildActionMask = 2147483647;
			files = (
			);
			runOnlyForDeploymentPostprocessing = 0;
		};
		2F5FB4CF2A7C38B80091A2FF /* Resources */ = {
			isa = PBXResourcesBuildPhase;
			buildActionMask = 2147483647;
			files = (
			);
			runOnlyForDeploymentPostprocessing = 0;
		};
/* End PBXResourcesBuildPhase section */

/* Begin PBXSourcesBuildPhase section */
		2F5FB4B32A7C38B40091A2FF /* Sources */ = {
			isa = PBXSourcesBuildPhase;
			buildActionMask = 2147483647;
			files = (
				2F5FB4E52A7C3AF80091A2FF /* SumCalculator.swift in Sources */,
				2F5FB4BD2A7C38B40091A2FF /* ContentView.swift in Sources */,
				2F5FB4BB2A7C38B40091A2FF /* TddTestsApp.swift in Sources */,
			);
			runOnlyForDeploymentPostprocessing = 0;
		};
		2F5FB4C32A7C38B70091A2FF /* Sources */ = {
			isa = PBXSourcesBuildPhase;
			buildActionMask = 2147483647;
			files = (
				2F5FB4CC2A7C38B80091A2FF /* TddTestsTests.swift in Sources */,
				2F5FB4E62A7C3AF80091A2FF /* SumCalculator.swift in Sources */,
			);
			runOnlyForDeploymentPostprocessing = 0;
		};
		2F5FB4CD2A7C38B80091A2FF /* Sources */ = {
			isa = PBXSourcesBuildPhase;
			buildActionMask = 2147483647;
			files = (
				2F5FB4E72A7C3AF80091A2FF /* SumCalculator.swift in Sources */,
				2F5FB4D82A7C38B80091A2FF /* TddTestsUITestsLaunchTests.swift in Sources */,
				2F5FB4D62A7C38B80091A2FF /* TddTestsUITests.swift in Sources */,
			);
			runOnlyForDeploymentPostprocessing = 0;
		};
/* End PBXSourcesBuildPhase section */

/* Begin PBXTargetDependency section */
		2F5FB4C92A7C38B70091A2FF /* PBXTargetDependency */ = {
			isa = PBXTargetDependency;
			target = 2F5FB4B62A7C38B40091A2FF /* TddTests */;
			targetProxy = 2F5FB4C82A7C38B70091A2FF /* PBXContainerItemProxy */;
		};
		2F5FB4D32A7C38B80091A2FF /* PBXTargetDependency */ = {
			isa = PBXTargetDependency;
			target = 2F5FB4B62A7C38B40091A2FF /* TddTests */;
			targetProxy = 2F5FB4D22A7C38B80091A2FF /* PBXContainerItemProxy */;
		};
/* End PBXTargetDependency section */

/* Begin XCBuildConfiguration section */
		2F5FB4D92A7C38B80091A2FF /* Debug */ = {
			isa = XCBuildConfiguration;
			buildSettings = {
				ALWAYS_SEARCH_USER_PATHS = NO;
				CLANG_ANALYZER_NONNULL = YES;
				CLANG_ANALYZER_NUMBER_OBJECT_CONVERSION = YES_AGGRESSIVE;
				CLANG_CXX_LANGUAGE_STANDARD = "gnu++20";
				CLANG_ENABLE_MODULES = YES;
				CLANG_ENABLE_OBJC_ARC = YES;
				CLANG_ENABLE_OBJC_WEAK = YES;
				CLANG_WARN_BLOCK_CAPTURE_AUTORELEASING = YES;
				CLANG_WARN_BOOL_CONVERSION = YES;
				CLANG_WARN_COMMA = YES;
				CLANG_WARN_CONSTANT_CONVERSION = YES;
				CLANG_WARN_DEPRECATED_OBJC_IMPLEMENTATIONS = YES;
				CLANG_WARN_DIRECT_OBJC_ISA_USAGE = YES_ERROR;
				CLANG_WARN_DOCUMENTATION_COMMENTS = YES;
				CLANG_WARN_EMPTY_BODY = YES;
				CLANG_WARN_ENUM_CONVERSION = YES;
				CLANG_WARN_INFINITE_RECURSION = YES;
				CLANG_WARN_INT_CONVERSION = YES;
				CLANG_WARN_NON_LITERAL_NULL_CONVERSION = YES;
				CLANG_WARN_OBJC_IMPLICIT_RETAIN_SELF = YES;
				CLANG_WARN_OBJC_LITERAL_CONVERSION = YES;
				CLANG_WARN_OBJC_ROOT_CLASS = YES_ERROR;
				CLANG_WARN_QUOTED_INCLUDE_IN_FRAMEWORK_HEADER = YES;
				CLANG_WARN_RANGE_LOOP_ANALYSIS = YES;
				CLANG_WARN_STRICT_PROTOTYPES = YES;
				CLANG_WARN_SUSPICIOUS_MOVE = YES;
				CLANG_WARN_UNGUARDED_AVAILABILITY = YES_AGGRESSIVE;
				CLANG_WARN_UNREACHABLE_CODE = YES;
				CLANG_WARN__DUPLICATE_METHOD_MATCH = YES;
				COPY_PHASE_STRIP = NO;
				DEBUG_INFORMATION_FORMAT = dwarf;
				ENABLE_STRICT_OBJC_MSGSEND = YES;
				ENABLE_TESTABILITY = YES;
				GCC_C_LANGUAGE_STANDARD = gnu11;
				GCC_DYNAMIC_NO_PIC = NO;
				GCC_NO_COMMON_BLOCKS = YES;
				GCC_OPTIMIZATION_LEVEL = 0;
				GCC_PREPROCESSOR_DEFINITIONS = (
					"DEBUG=1",
					"$(inherited)",
				);
				GCC_WARN_64_TO_32_BIT_CONVERSION = YES;
				GCC_WARN_ABOUT_RETURN_TYPE = YES_ERROR;
				GCC_WARN_UNDECLARED_SELECTOR = YES;
				GCC_WARN_UNINITIALIZED_AUTOS = YES_AGGRESSIVE;
				GCC_WARN_UNUSED_FUNCTION = YES;
				GCC_WARN_UNUSED_VARIABLE = YES;
				IPHONEOS_DEPLOYMENT_TARGET = 16.4;
				MTL_ENABLE_DEBUG_INFO = INCLUDE_SOURCE;
				MTL_FAST_MATH = YES;
				ONLY_ACTIVE_ARCH = YES;
				SDKROOT = iphoneos;
				SWIFT_ACTIVE_COMPILATION_CONDITIONS = DEBUG;
				SWIFT_OPTIMIZATION_LEVEL = "-Onone";
			};
			name = Debug;
		};
		2F5FB4DA2A7C38B80091A2FF /* Release */ = {
			isa = XCBuildConfiguration;
			buildSettings = {
				ALWAYS_SEARCH_USER_PATHS = NO;
				CLANG_ANALYZER_NONNULL = YES;
				CLANG_ANALYZER_NUMBER_OBJECT_CONVERSION = YES_AGGRESSIVE;
				CLANG_CXX_LANGUAGE_STANDARD = "gnu++20";
				CLANG_ENABLE_MODULES = YES;
				CLANG_ENABLE_OBJC_ARC = YES;
				CLANG_ENABLE_OBJC_WEAK = YES;
				CLANG_WARN_BLOCK_CAPTURE_AUTORELEASING = YES;
				CLANG_WARN_BOOL_CONVERSION = YES;
				CLANG_WARN_COMMA = YES;
				CLANG_WARN_CONSTANT_CONVERSION = YES;
				CLANG_WARN_DEPRECATED_OBJC_IMPLEMENTATIONS = YES;
				CLANG_WARN_DIRECT_OBJC_ISA_USAGE = YES_ERROR;
				CLANG_WARN_DOCUMENTATION_COMMENTS = YES;
				CLANG_WARN_EMPTY_BODY = YES;
				CLANG_WARN_ENUM_CONVERSION = YES;
				CLANG_WARN_INFINITE_RECURSION = YES;
				CLANG_WARN_INT_CONVERSION = YES;
				CLANG_WARN_NON_LITERAL_NULL_CONVERSION = YES;
				CLANG_WARN_OBJC_IMPLICIT_RETAIN_SELF = YES;
				CLANG_WARN_OBJC_LITERAL_CONVERSION = YES;
				CLANG_WARN_OBJC_ROOT_CLASS = YES_ERROR;
				CLANG_WARN_QUOTED_INCLUDE_IN_FRAMEWORK_HEADER = YES;
				CLANG_WARN_RANGE_LOOP_ANALYSIS = YES;
				CLANG_WARN_STRICT_PROTOTYPES = YES;
				CLANG_WARN_SUSPICIOUS_MOVE = YES;
				CLANG_WARN_UNGUARDED_AVAILABILITY = YES_AGGRESSIVE;
				CLANG_WARN_UNREACHABLE_CODE = YES;
				CLANG_WARN__DUPLICATE_METHOD_MATCH = YES;
				COPY_PHASE_STRIP = NO;
				DEBUG_INFORMATION_FORMAT = "dwarf-with-dsym";
				ENABLE_NS_ASSERTIONS = NO;
				ENABLE_STRICT_OBJC_MSGSEND = YES;
				GCC_C_LANGUAGE_STANDARD = gnu11;
				GCC_NO_COMMON_BLOCKS = YES;
				GCC_WARN_64_TO_32_BIT_CONVERSION = YES;
				GCC_WARN_ABOUT_RETURN_TYPE = YES_ERROR;
				GCC_WARN_UNDECLARED_SELECTOR = YES;
				GCC_WARN_UNINITIALIZED_AUTOS = YES_AGGRESSIVE;
				GCC_WARN_UNUSED_FUNCTION = YES;
				GCC_WARN_UNUSED_VARIABLE = YES;
				IPHONEOS_DEPLOYMENT_TARGET = 16.4;
				MTL_ENABLE_DEBUG_INFO = NO;
				MTL_FAST_MATH = YES;
				SDKROOT = iphoneos;
				SWIFT_COMPILATION_MODE = wholemodule;
				SWIFT_OPTIMIZATION_LEVEL = "-O";
				VALIDATE_PRODUCT = YES;
			};
			name = Release;
		};
		2F5FB4DC2A7C38B80091A2FF /* Debug */ = {
			isa = XCBuildConfiguration;
			buildSettings = {
				ASSETCATALOG_COMPILER_APPICON_NAME = AppIcon;
				ASSETCATALOG_COMPILER_GLOBAL_ACCENT_COLOR_NAME = AccentColor;
				CODE_SIGN_STYLE = Automatic;
				CURRENT_PROJECT_VERSION = 1;
				DEVELOPMENT_ASSET_PATHS = "\"TddTests/Preview Content\"";
				DEVELOPMENT_TEAM = F684H454M9;
				ENABLE_PREVIEWS = YES;
				GENERATE_INFOPLIST_FILE = YES;
				INFOPLIST_KEY_UIApplicationSceneManifest_Generation = YES;
				INFOPLIST_KEY_UIApplicationSupportsIndirectInputEvents = YES;
				INFOPLIST_KEY_UILaunchScreen_Generation = YES;
				INFOPLIST_KEY_UISupportedInterfaceOrientations_iPad = "UIInterfaceOrientationPortrait UIInterfaceOrientationPortraitUpsideDown UIInterfaceOrientationLandscapeLeft UIInterfaceOrientationLandscapeRight";
				INFOPLIST_KEY_UISupportedInterfaceOrientations_iPhone = "UIInterfaceOrientationPortrait UIInterfaceOrientationLandscapeLeft UIInterfaceOrientationLandscapeRight";
				LD_RUNPATH_SEARCH_PATHS = (
					"$(inherited)",
					"@executable_path/Frameworks",
				);
				MARKETING_VERSION = 1.0;
				PRODUCT_BUNDLE_IDENTIFIER = br.pucpr.developeracademy.TddTests;
				PRODUCT_NAME = "$(TARGET_NAME)";
				SWIFT_EMIT_LOC_STRINGS = YES;
				SWIFT_VERSION = 5.0;
				TARGETED_DEVICE_FAMILY = "1,2";
			};
			name = Debug;
		};
		2F5FB4DD2A7C38B80091A2FF /* Release */ = {
			isa = XCBuildConfiguration;
			buildSettings = {
				ASSETCATALOG_COMPILER_APPICON_NAME = AppIcon;
				ASSETCATALOG_COMPILER_GLOBAL_ACCENT_COLOR_NAME = AccentColor;
				CODE_SIGN_STYLE = Automatic;
				CURRENT_PROJECT_VERSION = 1;
				DEVELOPMENT_ASSET_PATHS = "\"TddTests/Preview Content\"";
				DEVELOPMENT_TEAM = F684H454M9;
				ENABLE_PREVIEWS = YES;
				GENERATE_INFOPLIST_FILE = YES;
				INFOPLIST_KEY_UIApplicationSceneManifest_Generation = YES;
				INFOPLIST_KEY_UIApplicationSupportsIndirectInputEvents = YES;
				INFOPLIST_KEY_UILaunchScreen_Generation = YES;
				INFOPLIST_KEY_UISupportedInterfaceOrientations_iPad = "UIInterfaceOrientationPortrait UIInterfaceOrientationPortraitUpsideDown UIInterfaceOrientationLandscapeLeft UIInterfaceOrientationLandscapeRight";
				INFOPLIST_KEY_UISupportedInterfaceOrientations_iPhone = "UIInterfaceOrientationPortrait UIInterfaceOrientationLandscapeLeft UIInterfaceOrientationLandscapeRight";
				LD_RUNPATH_SEARCH_PATHS = (
					"$(inherited)",
					"@executable_path/Frameworks",
				);
				MARKETING_VERSION = 1.0;
				PRODUCT_BUNDLE_IDENTIFIER = br.pucpr.developeracademy.TddTests;
				PRODUCT_NAME = "$(TARGET_NAME)";
				SWIFT_EMIT_LOC_STRINGS = YES;
				SWIFT_VERSION = 5.0;
				TARGETED_DEVICE_FAMILY = "1,2";
			};
			name = Release;
		};
		2F5FB4DF2A7C38B80091A2FF /* Debug */ = {
			isa = XCBuildConfiguration;
			buildSettings = {
				ALWAYS_EMBED_SWIFT_STANDARD_LIBRARIES = YES;
				BUNDLE_LOADER = "$(TEST_HOST)";
				CODE_SIGN_STYLE = Automatic;
				CURRENT_PROJECT_VERSION = 1;
				DEVELOPMENT_TEAM = F684H454M9;
				GENERATE_INFOPLIST_FILE = YES;
				IPHONEOS_DEPLOYMENT_TARGET = 16.4;
				MARKETING_VERSION = 1.0;
				PRODUCT_BUNDLE_IDENTIFIER = br.pucpr.developeracademy.TddTestsTests;
				PRODUCT_NAME = "$(TARGET_NAME)";
				SWIFT_EMIT_LOC_STRINGS = NO;
				SWIFT_VERSION = 5.0;
				TARGETED_DEVICE_FAMILY = "1,2";
				TEST_HOST = "$(BUILT_PRODUCTS_DIR)/TddTests.app/$(BUNDLE_EXECUTABLE_FOLDER_PATH)/TddTests";
			};
			name = Debug;
		};
		2F5FB4E02A7C38B80091A2FF /* Release */ = {
			isa = XCBuildConfiguration;
			buildSettings = {
				ALWAYS_EMBED_SWIFT_STANDARD_LIBRARIES = YES;
				BUNDLE_LOADER = "$(TEST_HOST)";
				CODE_SIGN_STYLE = Automatic;
				CURRENT_PROJECT_VERSION = 1;
				DEVELOPMENT_TEAM = F684H454M9;
				GENERATE_INFOPLIST_FILE = YES;
				IPHONEOS_DEPLOYMENT_TARGET = 16.4;
				MARKETING_VERSION = 1.0;
				PRODUCT_BUNDLE_IDENTIFIER = br.pucpr.developeracademy.TddTestsTests;
				PRODUCT_NAME = "$(TARGET_NAME)";
				SWIFT_EMIT_LOC_STRINGS = NO;
				SWIFT_VERSION = 5.0;
				TARGETED_DEVICE_FAMILY = "1,2";
				TEST_HOST = "$(BUILT_PRODUCTS_DIR)/TddTests.app/$(BUNDLE_EXECUTABLE_FOLDER_PATH)/TddTests";
			};
			name = Release;
		};
		2F5FB4E22A7C38B80091A2FF /* Debug */ = {
			isa = XCBuildConfiguration;
			buildSettings = {
				ALWAYS_EMBED_SWIFT_STANDARD_LIBRARIES = YES;
				CODE_SIGN_STYLE = Automatic;
				CURRENT_PROJECT_VERSION = 1;
				DEVELOPMENT_TEAM = F684H454M9;
				GENERATE_INFOPLIST_FILE = YES;
				MARKETING_VERSION = 1.0;
				PRODUCT_BUNDLE_IDENTIFIER = br.pucpr.developeracademy.TddTestsUITests;
				PRODUCT_NAME = "$(TARGET_NAME)";
				SWIFT_EMIT_LOC_STRINGS = NO;
				SWIFT_VERSION = 5.0;
				TARGETED_DEVICE_FAMILY = "1,2";
				TEST_TARGET_NAME = TddTests;
			};
			name = Debug;
		};
		2F5FB4E32A7C38B80091A2FF /* Release */ = {
			isa = XCBuildConfiguration;
			buildSettings = {
				ALWAYS_EMBED_SWIFT_STANDARD_LIBRARIES = YES;
				CODE_SIGN_STYLE = Automatic;
				CURRENT_PROJECT_VERSION = 1;
				DEVELOPMENT_TEAM = F684H454M9;
				GENERATE_INFOPLIST_FILE = YES;
				MARKETING_VERSION = 1.0;
				PRODUCT_BUNDLE_IDENTIFIER = br.pucpr.developeracademy.TddTestsUITests;
				PRODUCT_NAME = "$(TARGET_NAME)";
				SWIFT_EMIT_LOC_STRINGS = NO;
				SWIFT_VERSION = 5.0;
				TARGETED_DEVICE_FAMILY = "1,2";
				TEST_TARGET_NAME = TddTests;
			};
			name = Release;
		};
/* End XCBuildConfiguration section */

/* Begin XCConfigurationList section */
		2F5FB4B22A7C38B40091A2FF /* Build configuration list for PBXProject "TddTests" */ = {
			isa = XCConfigurationList;
			buildConfigurations = (
				2F5FB4D92A7C38B80091A2FF /* Debug */,
				2F5FB4DA2A7C38B80091A2FF /* Release */,
			);
			defaultConfigurationIsVisible = 0;
			defaultConfigurationName = Release;
		};
		2F5FB4DB2A7C38B80091A2FF /* Build configuration list for PBXNativeTarget "TddTests" */ = {
			isa = XCConfigurationList;
			buildConfigurations = (
				2F5FB4DC2A7C38B80091A2FF /* Debug */,
				2F5FB4DD2A7C38B80091A2FF /* Release */,
			);
			defaultConfigurationIsVisible = 0;
			defaultConfigurationName = Release;
		};
		2F5FB4DE2A7C38B80091A2FF /* Build configuration list for PBXNativeTarget "TddTestsTests" */ = {
			isa = XCConfigurationList;
			buildConfigurations = (
				2F5FB4DF2A7C38B80091A2FF /* Debug */,
				2F5FB4E02A7C38B80091A2FF /* Release */,
			);
			defaultConfigurationIsVisible = 0;
			defaultConfigurationName = Release;
		};
		2F5FB4E12A7C38B80091A2FF /* Build configuration list for PBXNativeTarget "TddTestsUITests" */ = {
			isa = XCConfigurationList;
			buildConfigurations = (
				2F5FB4E22A7C38B80091A2FF /* Debug */,
				2F5FB4E32A7C38B80091A2FF /* Release */,
			);
			defaultConfigurationIsVisible = 0;
			defaultConfigurationName = Release;
		};
/* End XCConfigurationList section */
	};
	rootObject = 2F5FB4AF2A7C38B40091A2FF /* Project object */;
}
